
Microsoft Visual Studio Solution File, Format Version 12.00
# Visual Studio Version 16
VisualStudioVersion = 16.0.33927.289
MinimumVisualStudioVersion = 10.0.40219.1
Project("{2150E333-8FDC-42A3-9474-1A3956D46DE8}") = "Task0", "Task0", "{3466BEC8-C471-482B-89A9-2F852CADA198}"
EndProject
Project("{FAE04EC0-301F-11D3-BF4B-00C04F79EFBC}") = "Tyuiu.ChazovaSR.Sprint3.Task0.V12", "Tyuiu.ChazovaSR.Sprint3.Task0.V12\Tyuiu.ChazovaSR.Sprint3.Task0.V12.csproj", "{6787F536-18A0-456E-AC64-35D1A502873A}"
EndProject
Project("{FAE04EC0-301F-11D3-BF4B-00C04F79EFBC}") = "Tyuiu.ChazovaSR.Sprint3.Task0.V12.Lib", "Tyuiu.ChazovaSR.Sprint3.Task0.V12.Lib\Tyuiu.ChazovaSR.Sprint3.Task0.V12.Lib.csproj", "{CB24BF47-057C-40DC-BF35-597A11BE3F7B}"
EndProject
Project("{FAE04EC0-301F-11D3-BF4B-00C04F79EFBC}") = "Tyuiu.ChazovaSR.Sprint3.Task0.V12.Test", "Tyuiu.ChazovaSR.Sprint3.Task0.V12.Test\Tyuiu.ChazovaSR.Sprint3.Task0.V12.Test.csproj", "{363941A3-462B-4F22-AC98-1883896D8016}"
EndProject
Project("{2150E333-8FDC-42A3-9474-1A3956D46DE8}") = "Task1", "Task1", "{E1D79720-F283-4D3C-B89D-9C50D9FBD45E}"
EndProject
Project("{FAE04EC0-301F-11D3-BF4B-00C04F79EFBC}") = "Tyuiu.ChazovaSR.Sprint3.Task1.V6", "Tyuiu.ChazovaSR.Sprint3.Task1.V6\Tyuiu.ChazovaSR.Sprint3.Task1.V6.csproj", "{B1D81C28-08A6-4223-8318-39707367CB29}"
EndProject
Project("{FAE04EC0-301F-11D3-BF4B-00C04F79EFBC}") = "Tyuiu.ChazovaSR.Sprint3.Task1.V6.Test", "Tyuiu.ChazovaSR.Sprint3.Task1.V6.Test\Tyuiu.ChazovaSR.Sprint3.Task1.V6.Test.csproj", "{CB378F7A-3ABC-4D6A-AD09-E03C03392902}"
EndProject
Project("{FAE04EC0-301F-11D3-BF4B-00C04F79EFBC}") = "Tyuiu.ChazovaSR.Sprint3.Task1.V6.Lib", "Tyuiu.ChazovaSR.Sprint3.Task1.V6.Lib\Tyuiu.ChazovaSR.Sprint3.Task1.V6.Lib.csproj", "{F3FD7295-1B53-49B7-B7DB-6CA5103C5567}"
EndProject
Project("{2150E333-8FDC-42A3-9474-1A3956D46DE8}") = "Task2", "Task2", "{5F470FD8-AFA8-4F34-A60C-498936DB2385}"
EndProject
Project("{FAE04EC0-301F-11D3-BF4B-00C04F79EFBC}") = "Tyuiu.ChazovaSR.Sprint3.Task2.V8", "Tyuiu.ChazovaSR.Sprint3.Task2.V8\Tyuiu.ChazovaSR.Sprint3.Task2.V8.csproj", "{AF618986-F300-4C7A-838D-A72ED459DC81}"
EndProject
Project("{FAE04EC0-301F-11D3-BF4B-00C04F79EFBC}") = "Tyuiu.ChazovaSR.Sprint3.Task2.V8.Lib", "Tyuiu.ChazovaSR.Sprint3.Task2.V8.Lib\Tyuiu.ChazovaSR.Sprint3.Task2.V8.Lib.csproj", "{3316608E-785C-4E3B-AFC4-57E4F96040A4}"
EndProject
Project("{FAE04EC0-301F-11D3-BF4B-00C04F79EFBC}") = "Tyuiu.ChazovaSR.Sprint3.Task2.V8.Test", "Tyuiu.ChazovaSR.Sprint3.Task2.V8.Test\Tyuiu.ChazovaSR.Sprint3.Task2.V8.Test.csproj", "{1C6C3DE8-7BB0-4D7D-A1F8-76DD032C21E0}"
EndProject
Global
	GlobalSection(SolutionConfigurationPlatforms) = preSolution
		Debug|Any CPU = Debug|Any CPU
		Release|Any CPU = Release|Any CPU
	EndGlobalSection
	GlobalSection(ProjectConfigurationPlatforms) = postSolution
		{6787F536-18A0-456E-AC64-35D1A502873A}.Debug|Any CPU.ActiveCfg = Debug|Any CPU
		{6787F536-18A0-456E-AC64-35D1A502873A}.Debug|Any CPU.Build.0 = Debug|Any CPU
		{6787F536-18A0-456E-AC64-35D1A502873A}.Release|Any CPU.ActiveCfg = Release|Any CPU
		{6787F536-18A0-456E-AC64-35D1A502873A}.Release|Any CPU.Build.0 = Release|Any CPU
		{CB24BF47-057C-40DC-BF35-597A11BE3F7B}.Debug|Any CPU.ActiveCfg = Debug|Any CPU
		{CB24BF47-057C-40DC-BF35-597A11BE3F7B}.Debug|Any CPU.Build.0 = Debug|Any CPU
		{CB24BF47-057C-40DC-BF35-597A11BE3F7B}.Release|Any CPU.ActiveCfg = Release|Any CPU
		{CB24BF47-057C-40DC-BF35-597A11BE3F7B}.Release|Any CPU.Build.0 = Release|Any CPU
		{363941A3-462B-4F22-AC98-1883896D8016}.Debug|Any CPU.ActiveCfg = Debug|Any CPU
		{363941A3-462B-4F22-AC98-1883896D8016}.Debug|Any CPU.Build.0 = Debug|Any CPU
		{363941A3-462B-4F22-AC98-1883896D8016}.Release|Any CPU.ActiveCfg = Release|Any CPU
		{363941A3-462B-4F22-AC98-1883896D8016}.Release|Any CPU.Build.0 = Release|Any CPU
		{B1D81C28-08A6-4223-8318-39707367CB29}.Debug|Any CPU.ActiveCfg = Debug|Any CPU
		{B1D81C28-08A6-4223-8318-39707367CB29}.Debug|Any CPU.Build.0 = Debug|Any CPU
		{B1D81C28-08A6-4223-8318-39707367CB29}.Release|Any CPU.ActiveCfg = Release|Any CPU
		{B1D81C28-08A6-4223-8318-39707367CB29}.Release|Any CPU.Build.0 = Release|Any CPU
		{CB378F7A-3ABC-4D6A-AD09-E03C03392902}.Debug|Any CPU.ActiveCfg = Debug|Any CPU
		{CB378F7A-3ABC-4D6A-AD09-E03C03392902}.Debug|Any CPU.Build.0 = Debug|Any CPU
		{CB378F7A-3ABC-4D6A-AD09-E03C03392902}.Release|Any CPU.ActiveCfg = Release|Any CPU
		{CB378F7A-3ABC-4D6A-AD09-E03C03392902}.Release|Any CPU.Build.0 = Release|Any CPU
		{F3FD7295-1B53-49B7-B7DB-6CA5103C5567}.Debug|Any CPU.ActiveCfg = Debug|Any CPU
		{F3FD7295-1B53-49B7-B7DB-6CA5103C5567}.Debug|Any CPU.Build.0 = Debug|Any CPU
		{F3FD7295-1B53-49B7-B7DB-6CA5103C5567}.Release|Any CPU.ActiveCfg = Release|Any CPU
		{F3FD7295-1B53-49B7-B7DB-6CA5103C5567}.Release|Any CPU.Build.0 = Release|Any CPU
		{AF618986-F300-4C7A-838D-A72ED459DC81}.Debug|Any CPU.ActiveCfg = Debug|Any CPU
		{AF618986-F300-4C7A-838D-A72ED459DC81}.Debug|Any CPU.Build.0 = Debug|Any CPU
		{AF618986-F300-4C7A-838D-A72ED459DC81}.Release|Any CPU.ActiveCfg = Release|Any CPU
		{AF618986-F300-4C7A-838D-A72ED459DC81}.Release|Any CPU.Build.0 = Release|Any CPU
		{3316608E-785C-4E3B-AFC4-57E4F96040A4}.Debug|Any CPU.ActiveCfg = Debug|Any CPU
		{3316608E-785C-4E3B-AFC4-57E4F96040A4}.Debug|Any CPU.Build.0 = Debug|Any CPU
		{3316608E-785C-4E3B-AFC4-57E4F96040A4}.Release|Any CPU.ActiveCfg = Release|Any CPU
		{3316608E-785C-4E3B-AFC4-57E4F96040A4}.Release|Any CPU.Build.0 = Release|Any CPU
		{1C6C3DE8-7BB0-4D7D-A1F8-76DD032C21E0}.Debug|Any CPU.ActiveCfg = Debug|Any CPU
		{1C6C3DE8-7BB0-4D7D-A1F8-76DD032C21E0}.Debug|Any CPU.Build.0 = Debug|Any CPU
		{1C6C3DE8-7BB0-4D7D-A1F8-76DD032C21E0}.Release|Any CPU.ActiveCfg = Release|Any CPU
		{1C6C3DE8-7BB0-4D7D-A1F8-76DD032C21E0}.Release|Any CPU.Build.0 = Release|Any CPU
	EndGlobalSection
	GlobalSection(SolutionProperties) = preSolution
		HideSolutionNode = FALSE
	EndGlobalSection
	GlobalSection(NestedProjects) = preSolution
		{6787F536-18A0-456E-AC64-35D1A502873A} = {3466BEC8-C471-482B-89A9-2F852CADA198}
		{CB24BF47-057C-40DC-BF35-597A11BE3F7B} = {3466BEC8-C471-482B-89A9-2F852CADA198}
		{363941A3-462B-4F22-AC98-1883896D8016} = {3466BEC8-C471-482B-89A9-2F852CADA198}
		{B1D81C28-08A6-4223-8318-39707367CB29} = {E1D79720-F283-4D3C-B89D-9C50D9FBD45E}
		{CB378F7A-3ABC-4D6A-AD09-E03C03392902} = {E1D79720-F283-4D3C-B89D-9C50D9FBD45E}
		{F3FD7295-1B53-49B7-B7DB-6CA5103C5567} = {E1D79720-F283-4D3C-B89D-9C50D9FBD45E}
		{AF618986-F300-4C7A-838D-A72ED459DC81} = {5F470FD8-AFA8-4F34-A60C-498936DB2385}
		{3316608E-785C-4E3B-AFC4-57E4F96040A4} = {5F470FD8-AFA8-4F34-A60C-498936DB2385}
		{1C6C3DE8-7BB0-4D7D-A1F8-76DD032C21E0} = {5F470FD8-AFA8-4F34-A60C-498936DB2385}
	EndGlobalSection
	GlobalSection(ExtensibilityGlobals) = postSolution
		SolutionGuid = {087E1E2E-BBD8-4F81-B922-7E5F85CFFCE8}
	EndGlobalSection
EndGlobal
